
Microsoft Visual Studio Solution File, Format Version 12.00
Project("{FAE04EC0-301F-11D3-BF4B-00C04F79EFBC}") = "TokenTemplate.Api", "TokenTemplate.Api\TokenTemplate.Api.csproj", "{43968836-8E07-4B11-B914-8029224BAEBB}"
EndProject
Project("{FAE04EC0-301F-11D3-BF4B-00C04F79EFBC}") = "TokenTemplate.Communication", "TokenTemplate.Communication\TokenTemplate.Communication.csproj", "{B34C34BB-6488-4E85-A662-CA127CA2CAA4}"
EndProject
Global
	GlobalSection(SolutionConfigurationPlatforms) = preSolution
		Debug|Any CPU = Debug|Any CPU
		Release|Any CPU = Release|Any CPU
	EndGlobalSection
	GlobalSection(ProjectConfigurationPlatforms) = postSolution
		{43968836-8E07-4B11-B914-8029224BAEBB}.Debug|Any CPU.ActiveCfg = Debug|Any CPU
		{43968836-8E07-4B11-B914-8029224BAEBB}.Debug|Any CPU.Build.0 = Debug|Any CPU
		{43968836-8E07-4B11-B914-8029224BAEBB}.Release|Any CPU.ActiveCfg = Release|Any CPU
		{43968836-8E07-4B11-B914-8029224BAEBB}.Release|Any CPU.Build.0 = Release|Any CPU
		{B34C34BB-6488-4E85-A662-CA127CA2CAA4}.Debug|Any CPU.ActiveCfg = Debug|Any CPU
		{B34C34BB-6488-4E85-A662-CA127CA2CAA4}.Debug|Any CPU.Build.0 = Debug|Any CPU
		{B34C34BB-6488-4E85-A662-CA127CA2CAA4}.Release|Any CPU.ActiveCfg = Release|Any CPU
		{B34C34BB-6488-4E85-A662-CA127CA2CAA4}.Release|Any CPU.Build.0 = Release|Any CPU
	EndGlobalSection
EndGlobal
